
Microsoft Visual Studio Solution File, Format Version 12.00
# Visual Studio Version 17
VisualStudioVersion = 17.5.33424.131
MinimumVisualStudioVersion = 10.0.40219.1
Project("{FAE04EC0-301F-11D3-BF4B-00C04F79EFBC}") = "Open VTT", "Open VTT\Open VTT.csproj", "{EFF26204-2DA6-436B-BD86-87B458C70EDC}"
EndProject
Project("{FAE04EC0-301F-11D3-BF4B-00C04F79EFBC}") = "OpenVTT.Client", "OpenVTT.Client\OpenVTT.Client.csproj", "{B3F2D6B2-62ED-4666-B394-775FD7C05024}"
EndProject
Project("{FAE04EC0-301F-11D3-BF4B-00C04F79EFBC}") = "OpenVTT.Server", "OpenVTT.Server\OpenVTT.Server.csproj", "{B3B3AC3E-315B-4559-91F8-854903CEC286}"
EndProject
Project("{FAE04EC0-301F-11D3-BF4B-00C04F79EFBC}") = "OpenVTT.NetworkMessage", "OpenVTT.NetworkMessage\OpenVTT.NetworkMessage.csproj", "{C8912BEC-46B9-43EE-B19A-081F05D0E4D0}"
EndProject
Project("{FAE04EC0-301F-11D3-BF4B-00C04F79EFBC}") = "OpenVTT.Common", "OpenVTT.Common\OpenVTT.Common.csproj", "{BC0BF261-3EC5-4BED-B78A-16631B6C3FDA}"
EndProject
Project("{FAE04EC0-301F-11D3-BF4B-00C04F79EFBC}") = "OpenVTT.StreamDeck", "OpenVTT.StreamDeck\OpenVTT.StreamDeck.csproj", "{5DCCCEDB-CF8F-4166-BBA9-B46EB490BF1A}"
EndProject
Project("{FAE04EC0-301F-11D3-BF4B-00C04F79EFBC}") = "OpenVTT.Editor", "OpenVTT.Editor\OpenVTT.Editor.csproj", "{88A88FCD-315D-49E4-A396-5C19123473C7}"
EndProject
Project("{FAE04EC0-301F-11D3-BF4B-00C04F79EFBC}") = "OpenVTT.FogOfWar", "OpenVTT.FogOfWar\OpenVTT.FogOfWar.csproj", "{25AF1078-0371-4A8E-B835-8E97948CB20D}"
EndProject
Project("{FAE04EC0-301F-11D3-BF4B-00C04F79EFBC}") = "OpenVTT.Session", "OpenVTT.Session\OpenVTT.Session.csproj", "{DF882D6B-B6CC-40D1-B08E-367A1169D135}"
EndProject
Project("{FAE04EC0-301F-11D3-BF4B-00C04F79EFBC}") = "OpenVTT.Editor.Controls", "OpenVTT.Editor.Controls\OpenVTT.Editor.Controls.csproj", "{6A39D188-1289-49AC-A533-FF7DD53E0E4A}"
EndProject
Project("{FAE04EC0-301F-11D3-BF4B-00C04F79EFBC}") = "OpenVTT.Settings", "OpenVTT.Settings\OpenVTT.Settings.csproj", "{071F33E3-0C99-4B92-B5D9-C09CCB70C665}"
EndProject
Project("{FAE04EC0-301F-11D3-BF4B-00C04F79EFBC}") = "OpenVTT.Grid", "OpenVTT.Grid\OpenVTT.Grid.csproj", "{E5F76952-9047-4B64-A3F4-009AEB9A9013}"
EndProject
Project("{FAE04EC0-301F-11D3-BF4B-00C04F79EFBC}") = "OpenVTT.Controls", "OpenVTT.Controls\OpenVTT.Controls.csproj", "{547B2F8C-D067-4583-AAD7-1378142C803B}"
EndProject
Project("{FAE04EC0-301F-11D3-BF4B-00C04F79EFBC}") = "OpenVTT.Forms", "OpenVTT.Forms\OpenVTT.Forms.csproj", "{75AF342F-95E1-4C5B-8356-0CE5EEA95D90}"
EndProject
Project("{FAE04EC0-301F-11D3-BF4B-00C04F79EFBC}") = "OpenVTT.Scripting", "OpenVTT.Scripting\OpenVTT.Scripting.csproj", "{B56784F1-969B-48C7-B18F-1C7471C69DDC}"
EndProject
Global
	GlobalSection(SolutionConfigurationPlatforms) = preSolution
		Debug|Any CPU = Debug|Any CPU
		Debug|x64 = Debug|x64
		Release|Any CPU = Release|Any CPU
		Release|x64 = Release|x64
	EndGlobalSection
	GlobalSection(ProjectConfigurationPlatforms) = postSolution
		{EFF26204-2DA6-436B-BD86-87B458C70EDC}.Debug|Any CPU.ActiveCfg = Debug|Any CPU
		{EFF26204-2DA6-436B-BD86-87B458C70EDC}.Debug|Any CPU.Build.0 = Debug|Any CPU
		{EFF26204-2DA6-436B-BD86-87B458C70EDC}.Debug|x64.ActiveCfg = Debug|x64
		{EFF26204-2DA6-436B-BD86-87B458C70EDC}.Debug|x64.Build.0 = Debug|x64
		{EFF26204-2DA6-436B-BD86-87B458C70EDC}.Release|Any CPU.ActiveCfg = Release|Any CPU
		{EFF26204-2DA6-436B-BD86-87B458C70EDC}.Release|Any CPU.Build.0 = Release|Any CPU
		{EFF26204-2DA6-436B-BD86-87B458C70EDC}.Release|x64.ActiveCfg = Release|x64
		{EFF26204-2DA6-436B-BD86-87B458C70EDC}.Release|x64.Build.0 = Release|x64
		{B3F2D6B2-62ED-4666-B394-775FD7C05024}.Debug|Any CPU.ActiveCfg = Debug|Any CPU
		{B3F2D6B2-62ED-4666-B394-775FD7C05024}.Debug|Any CPU.Build.0 = Debug|Any CPU
		{B3F2D6B2-62ED-4666-B394-775FD7C05024}.Debug|x64.ActiveCfg = Debug|x64
		{B3F2D6B2-62ED-4666-B394-775FD7C05024}.Debug|x64.Build.0 = Debug|x64
		{B3F2D6B2-62ED-4666-B394-775FD7C05024}.Release|Any CPU.ActiveCfg = Release|Any CPU
		{B3F2D6B2-62ED-4666-B394-775FD7C05024}.Release|Any CPU.Build.0 = Release|Any CPU
		{B3F2D6B2-62ED-4666-B394-775FD7C05024}.Release|x64.ActiveCfg = Release|x64
		{B3F2D6B2-62ED-4666-B394-775FD7C05024}.Release|x64.Build.0 = Release|x64
		{B3B3AC3E-315B-4559-91F8-854903CEC286}.Debug|Any CPU.ActiveCfg = Debug|Any CPU
		{B3B3AC3E-315B-4559-91F8-854903CEC286}.Debug|Any CPU.Build.0 = Debug|Any CPU
		{B3B3AC3E-315B-4559-91F8-854903CEC286}.Debug|x64.ActiveCfg = Debug|x64
		{B3B3AC3E-315B-4559-91F8-854903CEC286}.Debug|x64.Build.0 = Debug|x64
		{B3B3AC3E-315B-4559-91F8-854903CEC286}.Release|Any CPU.ActiveCfg = Release|Any CPU
		{B3B3AC3E-315B-4559-91F8-854903CEC286}.Release|Any CPU.Build.0 = Release|Any CPU
		{B3B3AC3E-315B-4559-91F8-854903CEC286}.Release|x64.ActiveCfg = Release|x64
		{B3B3AC3E-315B-4559-91F8-854903CEC286}.Release|x64.Build.0 = Release|x64
		{C8912BEC-46B9-43EE-B19A-081F05D0E4D0}.Debug|Any CPU.ActiveCfg = Debug|Any CPU
		{C8912BEC-46B9-43EE-B19A-081F05D0E4D0}.Debug|Any CPU.Build.0 = Debug|Any CPU
		{C8912BEC-46B9-43EE-B19A-081F05D0E4D0}.Debug|x64.ActiveCfg = Debug|x64
		{C8912BEC-46B9-43EE-B19A-081F05D0E4D0}.Debug|x64.Build.0 = Debug|x64
		{C8912BEC-46B9-43EE-B19A-081F05D0E4D0}.Release|Any CPU.ActiveCfg = Release|Any CPU
		{C8912BEC-46B9-43EE-B19A-081F05D0E4D0}.Release|Any CPU.Build.0 = Release|Any CPU
		{C8912BEC-46B9-43EE-B19A-081F05D0E4D0}.Release|x64.ActiveCfg = Release|x64
		{C8912BEC-46B9-43EE-B19A-081F05D0E4D0}.Release|x64.Build.0 = Release|x64
		{BC0BF261-3EC5-4BED-B78A-16631B6C3FDA}.Debug|Any CPU.ActiveCfg = Debug|Any CPU
		{BC0BF261-3EC5-4BED-B78A-16631B6C3FDA}.Debug|Any CPU.Build.0 = Debug|Any CPU
		{BC0BF261-3EC5-4BED-B78A-16631B6C3FDA}.Debug|x64.ActiveCfg = Debug|x64
		{BC0BF261-3EC5-4BED-B78A-16631B6C3FDA}.Debug|x64.Build.0 = Debug|x64
		{BC0BF261-3EC5-4BED-B78A-16631B6C3FDA}.Release|Any CPU.ActiveCfg = Release|Any CPU
		{BC0BF261-3EC5-4BED-B78A-16631B6C3FDA}.Release|Any CPU.Build.0 = Release|Any CPU
		{BC0BF261-3EC5-4BED-B78A-16631B6C3FDA}.Release|x64.ActiveCfg = Release|x64
		{BC0BF261-3EC5-4BED-B78A-16631B6C3FDA}.Release|x64.Build.0 = Release|x64
		{5DCCCEDB-CF8F-4166-BBA9-B46EB490BF1A}.Debug|Any CPU.ActiveCfg = Debug|Any CPU
		{5DCCCEDB-CF8F-4166-BBA9-B46EB490BF1A}.Debug|Any CPU.Build.0 = Debug|Any CPU
		{5DCCCEDB-CF8F-4166-BBA9-B46EB490BF1A}.Debug|x64.ActiveCfg = Debug|x64
		{5DCCCEDB-CF8F-4166-BBA9-B46EB490BF1A}.Debug|x64.Build.0 = Debug|x64
		{5DCCCEDB-CF8F-4166-BBA9-B46EB490BF1A}.Release|Any CPU.ActiveCfg = Release|Any CPU
		{5DCCCEDB-CF8F-4166-BBA9-B46EB490BF1A}.Release|Any CPU.Build.0 = Release|Any CPU
		{5DCCCEDB-CF8F-4166-BBA9-B46EB490BF1A}.Release|x64.ActiveCfg = Release|x64
		{5DCCCEDB-CF8F-4166-BBA9-B46EB490BF1A}.Release|x64.Build.0 = Release|x64
		{88A88FCD-315D-49E4-A396-5C19123473C7}.Debug|Any CPU.ActiveCfg = Debug|Any CPU
		{88A88FCD-315D-49E4-A396-5C19123473C7}.Debug|Any CPU.Build.0 = Debug|Any CPU
		{88A88FCD-315D-49E4-A396-5C19123473C7}.Debug|x64.ActiveCfg = Debug|x64
		{88A88FCD-315D-49E4-A396-5C19123473C7}.Debug|x64.Build.0 = Debug|x64
		{88A88FCD-315D-49E4-A396-5C19123473C7}.Release|Any CPU.ActiveCfg = Release|Any CPU
		{88A88FCD-315D-49E4-A396-5C19123473C7}.Release|Any CPU.Build.0 = Release|Any CPU
		{88A88FCD-315D-49E4-A396-5C19123473C7}.Release|x64.ActiveCfg = Release|x64
		{88A88FCD-315D-49E4-A396-5C19123473C7}.Release|x64.Build.0 = Release|x64
		{25AF1078-0371-4A8E-B835-8E97948CB20D}.Debug|Any CPU.ActiveCfg = Debug|Any CPU
		{25AF1078-0371-4A8E-B835-8E97948CB20D}.Debug|Any CPU.Build.0 = Debug|Any CPU
		{25AF1078-0371-4A8E-B835-8E97948CB20D}.Debug|x64.ActiveCfg = Debug|x64
		{25AF1078-0371-4A8E-B835-8E97948CB20D}.Debug|x64.Build.0 = Debug|x64
		{25AF1078-0371-4A8E-B835-8E97948CB20D}.Release|Any CPU.ActiveCfg = Release|Any CPU
		{25AF1078-0371-4A8E-B835-8E97948CB20D}.Release|Any CPU.Build.0 = Release|Any CPU
		{25AF1078-0371-4A8E-B835-8E97948CB20D}.Release|x64.ActiveCfg = Release|x64
		{25AF1078-0371-4A8E-B835-8E97948CB20D}.Release|x64.Build.0 = Release|x64
		{DF882D6B-B6CC-40D1-B08E-367A1169D135}.Debug|Any CPU.ActiveCfg = Debug|Any CPU
		{DF882D6B-B6CC-40D1-B08E-367A1169D135}.Debug|Any CPU.Build.0 = Debug|Any CPU
		{DF882D6B-B6CC-40D1-B08E-367A1169D135}.Debug|x64.ActiveCfg = Debug|x64
		{DF882D6B-B6CC-40D1-B08E-367A1169D135}.Debug|x64.Build.0 = Debug|x64
		{DF882D6B-B6CC-40D1-B08E-367A1169D135}.Release|Any CPU.ActiveCfg = Release|Any CPU
		{DF882D6B-B6CC-40D1-B08E-367A1169D135}.Release|Any CPU.Build.0 = Release|Any CPU
		{DF882D6B-B6CC-40D1-B08E-367A1169D135}.Release|x64.ActiveCfg = Release|x64
		{DF882D6B-B6CC-40D1-B08E-367A1169D135}.Release|x64.Build.0 = Release|x64
		{6A39D188-1289-49AC-A533-FF7DD53E0E4A}.Debug|Any CPU.ActiveCfg = Debug|Any CPU
		{6A39D188-1289-49AC-A533-FF7DD53E0E4A}.Debug|Any CPU.Build.0 = Debug|Any CPU
		{6A39D188-1289-49AC-A533-FF7DD53E0E4A}.Debug|x64.ActiveCfg = Debug|x64
		{6A39D188-1289-49AC-A533-FF7DD53E0E4A}.Debug|x64.Build.0 = Debug|x64
		{6A39D188-1289-49AC-A533-FF7DD53E0E4A}.Release|Any CPU.ActiveCfg = Release|Any CPU
		{6A39D188-1289-49AC-A533-FF7DD53E0E4A}.Release|Any CPU.Build.0 = Release|Any CPU
		{6A39D188-1289-49AC-A533-FF7DD53E0E4A}.Release|x64.ActiveCfg = Release|x64
		{6A39D188-1289-49AC-A533-FF7DD53E0E4A}.Release|x64.Build.0 = Release|x64
		{071F33E3-0C99-4B92-B5D9-C09CCB70C665}.Debug|Any CPU.ActiveCfg = Debug|Any CPU
		{071F33E3-0C99-4B92-B5D9-C09CCB70C665}.Debug|Any CPU.Build.0 = Debug|Any CPU
		{071F33E3-0C99-4B92-B5D9-C09CCB70C665}.Debug|x64.ActiveCfg = Debug|x64
		{071F33E3-0C99-4B92-B5D9-C09CCB70C665}.Debug|x64.Build.0 = Debug|x64
		{071F33E3-0C99-4B92-B5D9-C09CCB70C665}.Release|Any CPU.ActiveCfg = Release|Any CPU
		{071F33E3-0C99-4B92-B5D9-C09CCB70C665}.Release|Any CPU.Build.0 = Release|Any CPU
		{071F33E3-0C99-4B92-B5D9-C09CCB70C665}.Release|x64.ActiveCfg = Release|x64
		{071F33E3-0C99-4B92-B5D9-C09CCB70C665}.Release|x64.Build.0 = Release|x64
		{E5F76952-9047-4B64-A3F4-009AEB9A9013}.Debug|Any CPU.ActiveCfg = Debug|Any CPU
		{E5F76952-9047-4B64-A3F4-009AEB9A9013}.Debug|Any CPU.Build.0 = Debug|Any CPU
		{E5F76952-9047-4B64-A3F4-009AEB9A9013}.Debug|x64.ActiveCfg = Debug|x64
		{E5F76952-9047-4B64-A3F4-009AEB9A9013}.Debug|x64.Build.0 = Debug|x64
		{E5F76952-9047-4B64-A3F4-009AEB9A9013}.Release|Any CPU.ActiveCfg = Release|Any CPU
		{E5F76952-9047-4B64-A3F4-009AEB9A9013}.Release|Any CPU.Build.0 = Release|Any CPU
		{E5F76952-9047-4B64-A3F4-009AEB9A9013}.Release|x64.ActiveCfg = Release|x64
		{E5F76952-9047-4B64-A3F4-009AEB9A9013}.Release|x64.Build.0 = Release|x64
		{547B2F8C-D067-4583-AAD7-1378142C803B}.Debug|Any CPU.ActiveCfg = Debug|Any CPU
		{547B2F8C-D067-4583-AAD7-1378142C803B}.Debug|Any CPU.Build.0 = Debug|Any CPU
		{547B2F8C-D067-4583-AAD7-1378142C803B}.Debug|x64.ActiveCfg = Debug|x64
		{547B2F8C-D067-4583-AAD7-1378142C803B}.Debug|x64.Build.0 = Debug|x64
		{547B2F8C-D067-4583-AAD7-1378142C803B}.Release|Any CPU.ActiveCfg = Release|Any CPU
		{547B2F8C-D067-4583-AAD7-1378142C803B}.Release|Any CPU.Build.0 = Release|Any CPU
		{547B2F8C-D067-4583-AAD7-1378142C803B}.Release|x64.ActiveCfg = Release|x64
		{547B2F8C-D067-4583-AAD7-1378142C803B}.Release|x64.Build.0 = Release|x64
		{75AF342F-95E1-4C5B-8356-0CE5EEA95D90}.Debug|Any CPU.ActiveCfg = Debug|Any CPU
		{75AF342F-95E1-4C5B-8356-0CE5EEA95D90}.Debug|Any CPU.Build.0 = Debug|Any CPU
		{75AF342F-95E1-4C5B-8356-0CE5EEA95D90}.Debug|x64.ActiveCfg = Debug|x64
		{75AF342F-95E1-4C5B-8356-0CE5EEA95D90}.Debug|x64.Build.0 = Debug|x64
		{75AF342F-95E1-4C5B-8356-0CE5EEA95D90}.Release|Any CPU.ActiveCfg = Release|Any CPU
		{75AF342F-95E1-4C5B-8356-0CE5EEA95D90}.Release|Any CPU.Build.0 = Release|Any CPU
		{75AF342F-95E1-4C5B-8356-0CE5EEA95D90}.Release|x64.ActiveCfg = Release|x64
		{75AF342F-95E1-4C5B-8356-0CE5EEA95D90}.Release|x64.Build.0 = Release|x64
		{B56784F1-969B-48C7-B18F-1C7471C69DDC}.Debug|Any CPU.ActiveCfg = Debug|Any CPU
		{B56784F1-969B-48C7-B18F-1C7471C69DDC}.Debug|Any CPU.Build.0 = Debug|Any CPU
		{B56784F1-969B-48C7-B18F-1C7471C69DDC}.Debug|x64.ActiveCfg = Debug|x64
		{B56784F1-969B-48C7-B18F-1C7471C69DDC}.Debug|x64.Build.0 = Debug|x64
		{B56784F1-969B-48C7-B18F-1C7471C69DDC}.Release|Any CPU.ActiveCfg = Release|Any CPU
		{B56784F1-969B-48C7-B18F-1C7471C69DDC}.Release|Any CPU.Build.0 = Release|Any CPU
		{B56784F1-969B-48C7-B18F-1C7471C69DDC}.Release|x64.ActiveCfg = Release|x64
		{B56784F1-969B-48C7-B18F-1C7471C69DDC}.Release|x64.Build.0 = Release|x64
	EndGlobalSection
	GlobalSection(SolutionProperties) = preSolution
		HideSolutionNode = FALSE
	EndGlobalSection
	GlobalSection(ExtensibilityGlobals) = postSolution
		SolutionGuid = {E1D7DC79-CB53-4F96-BF90-5932EF644F73}
	EndGlobalSection
EndGlobal
